
Microsoft Visual Studio Solution File, Format Version 12.00
# Visual Studio Version 17
VisualStudioVersion = 17.5.33530.505
MinimumVisualStudioVersion = 10.0.40219.1
Project("{FAE04EC0-301F-11D3-BF4B-00C04F79EFBC}") = "BruteForceExample", "BruteForceExample\BruteForceExample.csproj", "{45146C62-DB1B-4815-9B36-6B1BE8AAA026}"
EndProject
Global
	GlobalSection(SolutionConfigurationPlatforms) = preSolution
		Debug|Any CPU = Debug|Any CPU
		Release|Any CPU = Release|Any CPU
	EndGlobalSection
	GlobalSection(ProjectConfigurationPlatforms) = postSolution
		{45146C62-DB1B-4815-9B36-6B1BE8AAA026}.Debug|Any CPU.ActiveCfg = Debug|Any CPU
		{45146C62-DB1B-4815-9B36-6B1BE8AAA026}.Debug|Any CPU.Build.0 = Debug|Any CPU
		{45146C62-DB1B-4815-9B36-6B1BE8AAA026}.Release|Any CPU.ActiveCfg = Release|Any CPU
		{45146C62-DB1B-4815-9B36-6B1BE8AAA026}.Release|Any CPU.Build.0 = Release|Any CPU
	EndGlobalSection
	GlobalSection(SolutionProperties) = preSolution
		HideSolutionNode = FALSE
	EndGlobalSection
	GlobalSection(ExtensibilityGlobals) = postSolution
		SolutionGuid = {AB6407FE-61B9-4CAC-BFB8-B532A6097F57}
	EndGlobalSection
EndGlobal
